
Microsoft Visual Studio Solution File, Format Version 12.00
# Visual Studio Version 17
VisualStudioVersion = 17.14.36301.6 d17.14
MinimumVisualStudioVersion = 10.0.40219.1
Project("{FAE04EC0-301F-11D3-BF4B-00C04F79EFBC}") = "CapstoneProject2025", "CapstoneProject2025\CapstoneProject2025.csproj", "{B1F14390-4F30-4C1A-B321-CCC1D693F0D4}"
EndProject
Global
	GlobalSection(SolutionConfigurationPlatforms) = preSolution
		Debug|Any CPU = Debug|Any CPU
		Release|Any CPU = Release|Any CPU
	EndGlobalSection
	GlobalSection(ProjectConfigurationPlatforms) = postSolution
		{B1F14390-4F30-4C1A-B321-CCC1D693F0D4}.Debug|Any CPU.ActiveCfg = Debug|Any CPU
		{B1F14390-4F30-4C1A-B321-CCC1D693F0D4}.Debug|Any CPU.Build.0 = Debug|Any CPU
		{B1F14390-4F30-4C1A-B321-CCC1D693F0D4}.Debug|Any CPU.Deploy.0 = Debug|Any CPU
		{B1F14390-4F30-4C1A-B321-CCC1D693F0D4}.Release|Any CPU.ActiveCfg = Release|Any CPU
		{B1F14390-4F30-4C1A-B321-CCC1D693F0D4}.Release|Any CPU.Build.0 = Release|Any CPU
		{B1F14390-4F30-4C1A-B321-CCC1D693F0D4}.Release|Any CPU.Deploy.0 = Release|Any CPU
	EndGlobalSection
	GlobalSection(SolutionProperties) = preSolution
		HideSolutionNode = FALSE
	EndGlobalSection
	GlobalSection(ExtensibilityGlobals) = postSolution
		SolutionGuid = {AD1BDA86-4CA8-4B9A-BE81-50AA87703668}
	EndGlobalSection
EndGlobal
